
Microsoft Visual Studio Solution File, Format Version 12.00
# Visual Studio Version 17
VisualStudioVersion = 17.0.31903.59
MinimumVisualStudioVersion = 10.0.40219.1
Project("{2150E333-8FDC-42A3-9474-1A3956D46DE8}") = "src", "src", "{82669F17-C494-4438-BFDD-EC9AC53A1013}"
EndProject
Project("{2150E333-8FDC-42A3-9474-1A3956D46DE8}") = "Backend", "Backend", "{DFD0A2AA-0719-41E4-A595-17ABB7E0D103}"
EndProject
Project("{FAE04EC0-301F-11D3-BF4B-00C04F79EFBC}") = "TravelWeb.Web", "src\Backend\TravelWeb.Web\TravelWeb.Web.csproj", "{81A30782-1D00-4402-A7C5-313B89B48CA1}"
EndProject
Project("{FAE04EC0-301F-11D3-BF4B-00C04F79EFBC}") = "TravelWeb.Infrastructure", "src\Backend\TravelWeb.Infrastructure\TravelWeb.Infrastructure.csproj", "{296C389D-A3A3-4442-AAF9-41178DD3D897}"
EndProject
Global
	GlobalSection(SolutionConfigurationPlatforms) = preSolution
		Debug|Any CPU = Debug|Any CPU
		Release|Any CPU = Release|Any CPU
	EndGlobalSection
	GlobalSection(SolutionProperties) = preSolution
		HideSolutionNode = FALSE
	EndGlobalSection
	GlobalSection(ProjectConfigurationPlatforms) = postSolution
		{81A30782-1D00-4402-A7C5-313B89B48CA1}.Debug|Any CPU.ActiveCfg = Debug|Any CPU
		{81A30782-1D00-4402-A7C5-313B89B48CA1}.Debug|Any CPU.Build.0 = Debug|Any CPU
		{81A30782-1D00-4402-A7C5-313B89B48CA1}.Release|Any CPU.ActiveCfg = Release|Any CPU
		{81A30782-1D00-4402-A7C5-313B89B48CA1}.Release|Any CPU.Build.0 = Release|Any CPU
		{296C389D-A3A3-4442-AAF9-41178DD3D897}.Debug|Any CPU.ActiveCfg = Debug|Any CPU
		{296C389D-A3A3-4442-AAF9-41178DD3D897}.Debug|Any CPU.Build.0 = Debug|Any CPU
		{296C389D-A3A3-4442-AAF9-41178DD3D897}.Release|Any CPU.ActiveCfg = Release|Any CPU
		{296C389D-A3A3-4442-AAF9-41178DD3D897}.Release|Any CPU.Build.0 = Release|Any CPU
	EndGlobalSection
	GlobalSection(NestedProjects) = preSolution
		{DFD0A2AA-0719-41E4-A595-17ABB7E0D103} = {82669F17-C494-4438-BFDD-EC9AC53A1013}
		{81A30782-1D00-4402-A7C5-313B89B48CA1} = {DFD0A2AA-0719-41E4-A595-17ABB7E0D103}
		{296C389D-A3A3-4442-AAF9-41178DD3D897} = {DFD0A2AA-0719-41E4-A595-17ABB7E0D103}
	EndGlobalSection
EndGlobal
